
Microsoft Visual Studio Solution File, Format Version 12.00
# Visual Studio 14
VisualStudioVersion = 14.0.25420.1
MinimumVisualStudioVersion = 10.0.40219.1
Project("{FAE04EC0-301F-11D3-BF4B-00C04F79EFBC}") = "WindowsFormsApplication1", "WindowsFormsApplication1\WindowsFormsApplication1.csproj", "{24CF7BFB-08D4-4D71-9175-D0C1EF09443C}"
EndProject
Project("{FAE04EC0-301F-11D3-BF4B-00C04F79EFBC}") = "DatentransferDLL", "Datentransfer-DLL\DatentransferDLL.csproj", "{3387E2F0-1619-40DE-BAC7-825D98DF63E1}"
EndProject
Project("{FAE04EC0-301F-11D3-BF4B-00C04F79EFBC}") = "WpfApplication1", "WpfApplication1\WpfApplication1.csproj", "{51A6D107-6602-432D-AAAC-31B127B839B8}"
EndProject
Global
	GlobalSection(SolutionConfigurationPlatforms) = preSolution
		Debug|Any CPU = Debug|Any CPU
		Release|Any CPU = Release|Any CPU
	EndGlobalSection
	GlobalSection(ProjectConfigurationPlatforms) = postSolution
		{24CF7BFB-08D4-4D71-9175-D0C1EF09443C}.Debug|Any CPU.ActiveCfg = Debug|Any CPU
		{24CF7BFB-08D4-4D71-9175-D0C1EF09443C}.Debug|Any CPU.Build.0 = Debug|Any CPU
		{24CF7BFB-08D4-4D71-9175-D0C1EF09443C}.Release|Any CPU.ActiveCfg = Release|Any CPU
		{24CF7BFB-08D4-4D71-9175-D0C1EF09443C}.Release|Any CPU.Build.0 = Release|Any CPU
		{3387E2F0-1619-40DE-BAC7-825D98DF63E1}.Debug|Any CPU.ActiveCfg = Debug|Any CPU
		{3387E2F0-1619-40DE-BAC7-825D98DF63E1}.Debug|Any CPU.Build.0 = Debug|Any CPU
		{3387E2F0-1619-40DE-BAC7-825D98DF63E1}.Release|Any CPU.ActiveCfg = Release|Any CPU
		{3387E2F0-1619-40DE-BAC7-825D98DF63E1}.Release|Any CPU.Build.0 = Release|Any CPU
		{51A6D107-6602-432D-AAAC-31B127B839B8}.Debug|Any CPU.ActiveCfg = Debug|Any CPU
		{51A6D107-6602-432D-AAAC-31B127B839B8}.Debug|Any CPU.Build.0 = Debug|Any CPU
		{51A6D107-6602-432D-AAAC-31B127B839B8}.Release|Any CPU.ActiveCfg = Release|Any CPU
		{51A6D107-6602-432D-AAAC-31B127B839B8}.Release|Any CPU.Build.0 = Release|Any CPU
	EndGlobalSection
	GlobalSection(SolutionProperties) = preSolution
		HideSolutionNode = FALSE
	EndGlobalSection
EndGlobal
